
Microsoft Visual Studio Solution File, Format Version 12.00
# Visual Studio Version 16
VisualStudioVersion = 16.0.29102.190
MinimumVisualStudioVersion = 10.0.40219.1
Project("{FAE04EC0-301F-11D3-BF4B-00C04F79EFBC}") = "Online Exam", "Online Exam\Online Exam.csproj", "{B01A0F07-1518-4FE8-835E-3C8F077C704B}"
EndProject
Global
	GlobalSection(SolutionConfigurationPlatforms) = preSolution
		Debug|Any CPU = Debug|Any CPU
		Release|Any CPU = Release|Any CPU
	EndGlobalSection
	GlobalSection(ProjectConfigurationPlatforms) = postSolution
		{B01A0F07-1518-4FE8-835E-3C8F077C704B}.Debug|Any CPU.ActiveCfg = Debug|Any CPU
		{B01A0F07-1518-4FE8-835E-3C8F077C704B}.Debug|Any CPU.Build.0 = Debug|Any CPU
		{B01A0F07-1518-4FE8-835E-3C8F077C704B}.Release|Any CPU.ActiveCfg = Release|Any CPU
		{B01A0F07-1518-4FE8-835E-3C8F077C704B}.Release|Any CPU.Build.0 = Release|Any CPU
	EndGlobalSection
	GlobalSection(SolutionProperties) = preSolution
		HideSolutionNode = FALSE
	EndGlobalSection
	GlobalSection(ExtensibilityGlobals) = postSolution
		SolutionGuid = {3AEF8EA2-BD5C-492B-9DFA-7FBD4F1C475C}
	EndGlobalSection
	GlobalSection(TeamFoundationVersionControl) = preSolution
		SccNumberOfProjects = 2
		SccEnterpriseProvider = {4CA58AB2-18FA-4F8D-95D4-32DDF27D184C}
		SccTeamFoundationServer = https://dev.azure.com/farooqhashmi13
		SccLocalPath0 = .
		SccProjectUniqueName1 = Online\u0020Exam\\Online\u0020Exam.csproj
		SccProjectName1 = Online\u0020Exam
		SccLocalPath1 = Online\u0020Exam
	EndGlobalSection
EndGlobal
