
Microsoft Visual Studio Solution File, Format Version 12.00
# Visual Studio Version 17
VisualStudioVersion = 17.2.32602.215
MinimumVisualStudioVersion = 10.0.40219.1
Project("{9A19103F-16F7-4668-BE54-9A1E7A4F7556}") = "PkHiveUI", "PkHiveUI\PkHiveUI.csproj", "{79436B2C-1039-4335-9DD3-ABFA99C32A19}"
EndProject
Project("{FAE04EC0-301F-11D3-BF4B-00C04F79EFBC}") = "PkHiveLibrary", "PkHiveLibrary\PkHiveLibrary.csproj", "{D72ECB38-4307-4001-B263-54BDF4533BEA}"
EndProject
Global
	GlobalSection(SolutionConfigurationPlatforms) = preSolution
		Debug|Any CPU = Debug|Any CPU
		Release|Any CPU = Release|Any CPU
	EndGlobalSection
	GlobalSection(ProjectConfigurationPlatforms) = postSolution
		{79436B2C-1039-4335-9DD3-ABFA99C32A19}.Debug|Any CPU.ActiveCfg = Debug|Any CPU
		{79436B2C-1039-4335-9DD3-ABFA99C32A19}.Debug|Any CPU.Build.0 = Debug|Any CPU
		{79436B2C-1039-4335-9DD3-ABFA99C32A19}.Release|Any CPU.ActiveCfg = Release|Any CPU
		{79436B2C-1039-4335-9DD3-ABFA99C32A19}.Release|Any CPU.Build.0 = Release|Any CPU
		{D72ECB38-4307-4001-B263-54BDF4533BEA}.Debug|Any CPU.ActiveCfg = Debug|Any CPU
		{D72ECB38-4307-4001-B263-54BDF4533BEA}.Debug|Any CPU.Build.0 = Debug|Any CPU
		{D72ECB38-4307-4001-B263-54BDF4533BEA}.Release|Any CPU.ActiveCfg = Release|Any CPU
		{D72ECB38-4307-4001-B263-54BDF4533BEA}.Release|Any CPU.Build.0 = Release|Any CPU
	EndGlobalSection
	GlobalSection(SolutionProperties) = preSolution
		HideSolutionNode = FALSE
	EndGlobalSection
	GlobalSection(ExtensibilityGlobals) = postSolution
		SolutionGuid = {52BAB2AC-170D-469F-B4E2-EE3D631BA78F}
	EndGlobalSection
	GlobalSection(TeamFoundationVersionControl) = preSolution
		SccNumberOfProjects = 3
		SccEnterpriseProvider = {4CA58AB2-18FA-4F8D-95D4-32DDF27D184C}
		SccTeamFoundationServer = https://dev.azure.com/farooqhashmi13
		SccLocalPath0 = .
		SccProjectUniqueName1 = PkHiveUI\\PkHiveUI.csproj
		SccProjectName1 = PkHiveUI
		SccLocalPath1 = PkHiveUI
		SccProjectUniqueName2 = PkHiveLibrary\\PkHiveLibrary.csproj
		SccProjectName2 = PkHiveLibrary
		SccLocalPath2 = PkHiveLibrary
	EndGlobalSection
EndGlobal
